
Microsoft Visual Studio Solution File, Format Version 12.00
# Visual Studio 15
VisualStudioVersion = 15.0.27428.2015
MinimumVisualStudioVersion = 10.0.40219.1
Project("{FAE04EC0-301F-11D3-BF4B-00C04F79EFBC}") = "WebAPIProject", "WebAPIProject\WebAPIProject.csproj", "{82AEB6D1-BCAF-4704-B672-9663FCD2E1FA}"
EndProject
Global
	GlobalSection(SolutionConfigurationPlatforms) = preSolution
		Debug|Any CPU = Debug|Any CPU
		Release|Any CPU = Release|Any CPU
	EndGlobalSection
	GlobalSection(ProjectConfigurationPlatforms) = postSolution
		{82AEB6D1-BCAF-4704-B672-9663FCD2E1FA}.Debug|Any CPU.ActiveCfg = Debug|Any CPU
		{82AEB6D1-BCAF-4704-B672-9663FCD2E1FA}.Debug|Any CPU.Build.0 = Debug|Any CPU
		{82AEB6D1-BCAF-4704-B672-9663FCD2E1FA}.Release|Any CPU.ActiveCfg = Release|Any CPU
		{82AEB6D1-BCAF-4704-B672-9663FCD2E1FA}.Release|Any CPU.Build.0 = Release|Any CPU
	EndGlobalSection
	GlobalSection(SolutionProperties) = preSolution
		HideSolutionNode = FALSE
	EndGlobalSection
	GlobalSection(ExtensibilityGlobals) = postSolution
		SolutionGuid = {2B88254A-D000-4280-957C-38FC529BAA65}
	EndGlobalSection
EndGlobal
